
Microsoft Visual Studio Solution File, Format Version 12.00
# Visual Studio Version 17
VisualStudioVersion = 17.2.32630.192
MinimumVisualStudioVersion = 10.0.40219.1
Project("{FAE04EC0-301F-11D3-BF4B-00C04F79EFBC}") = "TestParser", "TestParser\TestParser.csproj", "{7A3A98E0-A482-4A59-9396-D1FF817C2D32}"
EndProject
Global
	GlobalSection(SolutionConfigurationPlatforms) = preSolution
		Debug|Any CPU = Debug|Any CPU
		Release|Any CPU = Release|Any CPU
	EndGlobalSection
	GlobalSection(ProjectConfigurationPlatforms) = postSolution
		{7A3A98E0-A482-4A59-9396-D1FF817C2D32}.Debug|Any CPU.ActiveCfg = Debug|Any CPU
		{7A3A98E0-A482-4A59-9396-D1FF817C2D32}.Debug|Any CPU.Build.0 = Debug|Any CPU
		{7A3A98E0-A482-4A59-9396-D1FF817C2D32}.Release|Any CPU.ActiveCfg = Release|Any CPU
		{7A3A98E0-A482-4A59-9396-D1FF817C2D32}.Release|Any CPU.Build.0 = Release|Any CPU
	EndGlobalSection
	GlobalSection(SolutionProperties) = preSolution
		HideSolutionNode = FALSE
	EndGlobalSection
	GlobalSection(ExtensibilityGlobals) = postSolution
		SolutionGuid = {E84162A3-E22E-41A0-BC6A-C9C67871817A}
	EndGlobalSection
EndGlobal
